{
  "name": "migration-ng",
  "version": "4.1.0",
  "lockfileVersion": 1,
  "requires": true,
  "dependencies": {
    "@nebular/auth": {
      "version": "3.4.0",
      "resolved": "https://registry.npmjs.org/@nebular/auth/-/auth-3.4.0.tgz",
      "integrity": "sha512-3dycV/d6wujWQbsu92EedBwkQnBvFw+tI5k7fD8CGmJaCNvk7DZWilQI8I9bv+KUOUwMRHOygMteoOlZiwcOcA=="
    }
  }
}
